github.com/LedgerParity/ledger-parity-connectors v0.0.0-20260911231527-b99a3514d63c h1:CLYrrG+ieTdPqicIu/+me3uxoXQgBNnEcGY9sTTDfx8=
github.com/LedgerParity/ledger-parity-connectors v0.0.0-20260911231527-b99a3514d63c/go.mod h1:+4QCx3aPEash123eEwRpxX6ecGAnVMTixobjEa8IAfQ=
github.com/LedgerParity/ledger-parity-core v0.0.0-20260911231514-954f0913e78d h1:3sCGrCD56pUc5cP3qTqsEwwMZZNgfrnkKthyIh1HvaY=
github.com/LedgerParity/ledger-parity-core v0.0.0-20260911231514-954f0913e78d/go.mod h1:eoscIrkPi93KKBENG83XwFFTSHlhYyeZkltIWdDCeaw=
